// !$*UTF8*$!
{
	archiveVersion = 1;
	classes = {
	};
	objectVersion = 55;
	objects = {

/* Begin PBXBuildFile section */
		BAEBDE552825177E001E221A /* AppDelegate.swift in Sources */ = {isa = PBXBuildFile; fileRef = BAEBDE542825177E001E221A /* AppDelegate.swift */; };
		BAEBDE572825177E001E221A /* SceneDelegate.swift in Sources */ = {isa = PBXBuildFile; fileRef = BAEBDE562825177E001E221A /* SceneDelegate.swift */; };
		BAEBDE592825177E001E221A /* ViewController.swift in Sources */ = {isa = PBXBuildFile; fileRef = BAEBDE582825177E001E221A /* ViewController.swift */; };
		BAEBDE5C2825177E001E221A /* Main.storyboard in Resources */ = {isa = PBXBuildFile; fileRef = BAEBDE5A2825177E001E221A /* Main.storyboard */; };
		BAEBDE5E2825177E001E221A /* Assets.xcassets in Resources */ = {isa = PBXBuildFile; fileRef = BAEBDE5D2825177E001E221A /* Assets.xcassets */; };
		BAEBDE612825177E001E221A /* LaunchScreen.storyboard in Resources */ = {isa = PBXBuildFile; fileRef = BAEBDE5F2825177E001E221A /* LaunchScreen.storyboard */; };
		BAEBDE6C2825177F001E221A /* CountTests.swift in Sources */ = {isa = PBXBuildFile; fileRef = BAEBDE6B2825177F001E221A /* CountTests.swift */; };
		BAEBDE762825177F001E221A /* CountUITests.swift in Sources */ = {isa = PBXBuildFile; fileRef = BAEBDE752825177F001E221A /* CountUITests.swift */; };
		BAEBDE782825177F001E221A /* CountUITestsLaunchTests.swift in Sources */ = {isa = PBXBuildFile; fileRef = BAEBDE772825177F001E221A /* CountUITestsLaunchTests.swift */; };
/* End PBXBuildFile section */

/* Begin PBXContainerItemProxy section */
		BAEBDE682825177F001E221A /* PBXContainerItemProxy */ = {
			isa = PBXContainerItemProxy;
			containerPortal = BAEBDE492825177E001E221A /* Project object */;
			proxyType = 1;
			remoteGlobalIDString = BAEBDE502825177E001E221A;
			remoteInfo = Count;
		};
		BAEBDE722825177F001E221A /* PBXContainerItemProxy */ = {
			isa = PBXContainerItemProxy;
			containerPortal = BAEBDE492825177E001E221A /* Project object */;
			proxyType = 1;
			remoteGlobalIDString = BAEBDE502825177E001E221A;
			remoteInfo = Count;
		};
/* End PBXContainerItemProxy section */

/* Begin PBXFileReference section */
		BAEBDE512825177E001E221A /* Count.app */ = {isa = PBXFileReference; explicitFileType = wrapper.application; includeInIndex = 0; path = Count.app; sourceTree = BUILT_PRODUCTS_DIR; };
		BAEBDE542825177E001E221A /* AppDelegate.swift */ = {isa = PBXFileReference; lastKnownFileType = sourcecode.swift; path = AppDelegate.swift; sourceTree = "<group>"; };
		BAEBDE562825177E001E221A /* SceneDelegate.swift */ = {isa = PBXFileReference; lastKnownFileType = sourcecode.swift; path = SceneDelegate.swift; sourceTree = "<group>"; };
		BAEBDE582825177E001E221A /* ViewController.swift */ = {isa = PBXFileReference; lastKnownFileType = sourcecode.swift; path = ViewController.swift; sourceTree = "<group>"; };
		BAEBDE5B2825177E001E221A /* Base */ = {isa = PBXFileReference; lastKnownFileType = file.storyboard; name = Base; path = Base.lproj/Main.storyboard; sourceTree = "<group>"; };
		BAEBDE5D2825177E001E221A /* Assets.xcassets */ = {isa = PBXFileReference; lastKnownFileType = folder.assetcatalog; path = Assets.xcassets; sourceTree = "<group>"; };
		BAEBDE602825177E001E221A /* Base */ = {isa = PBXFileReference; lastKnownFileType = file.storyboard; name = Base; path = Base.lproj/LaunchScreen.storyboard; sourceTree = "<group>"; };
		BAEBDE622825177E001E221A /* Info.plist */ = {isa = PBXFileReference; lastKnownFileType = text.plist.xml; path = Info.plist; sourceTree = "<group>"; };
		BAEBDE672825177F001E221A /* CountTests.xctest */ = {isa = PBXFileReference; explicitFileType = wrapper.cfbundle; includeInIndex = 0; path = CountTests.xctest; sourceTree = BUILT_PRODUCTS_DIR; };
		BAEBDE6B2825177F001E221A /* CountTests.swift */ = {isa = PBXFileReference; lastKnownFileType = sourcecode.swift; path = CountTests.swift; sourceTree = "<group>"; };
		BAEBDE712825177F001E221A /* CountUITests.xctest */ = {isa = PBXFileReference; explicitFileType = wrapper.cfbundle; includeInIndex = 0; path = CountUITests.xctest; sourceTree = BUILT_PRODUCTS_DIR; };
		BAEBDE752825177F001E221A /* CountUITests.swift */ = {isa = PBXFileReference; lastKnownFileType = sourcecode.swift; path = CountUITests.swift; sourceTree = "<group>"; };
		BAEBDE772825177F001E221A /* CountUITestsLaunchTests.swift */ = {isa = PBXFileReference; lastKnownFileType = sourcecode.swift; path = CountUITestsLaunchTests.swift; sourceTree = "<group>"; };
/* End PBXFileReference section */

/* Begin PBXFrameworksBuildPhase section */
		BAEBDE4E2825177E001E221A /* Frameworks */ = {
			isa = PBXFrameworksBuildPhase;
			buildActionMask = 2147483647;
			files = (
			);
			runOnlyForDeploymentPostprocessing = 0;
		};
		BAEBDE642825177F001E221A /* Frameworks */ = {
			isa = PBXFrameworksBuildPhase;
			buildActionMask = 2147483647;
			files = (
			);
			runOnlyForDeploymentPostprocessing = 0;
		};
		BAEBDE6E2825177F001E221A /* Frameworks */ = {
			isa = PBXFrameworksBuildPhase;
			buildActionMask = 2147483647;
			files = (
			);
			runOnlyForDeploymentPostprocessing = 0;
		};
/* End PBXFrameworksBuildPhase section */

/* Begin PBXGroup section */
		BAEBDE482825177E001E221A = {
			isa = PBXGroup;
			children = (
				BAEBDE532825177E001E221A /* Count */,
				BAEBDE6A2825177F001E221A /* CountTests */,
				BAEBDE742825177F001E221A /* CountUITests */,
				BAEBDE522825177E001E221A /* Products */,
			);
			sourceTree = "<group>";
		};
		BAEBDE522825177E001E221A /* Products */ = {
			isa = PBXGroup;
			children = (
				BAEBDE512825177E001E221A /* Count.app */,
				BAEBDE672825177F001E221A /* CountTests.xctest */,
				BAEBDE712825177F001E221A /* CountUITests.xctest */,
			);
			name = Products;
			sourceTree = "<group>";
		};
		BAEBDE532825177E001E221A /* Count */ = {
			isa = PBXGroup;
			children = (
				BAEBDE542825177E001E221A /* AppDelegate.swift */,
				BAEBDE562825177E001E221A /* SceneDelegate.swift */,
				BAEBDE582825177E001E221A /* ViewController.swift */,
				BAEBDE5A2825177E001E221A /* Main.storyboard */,
				BAEBDE5D2825177E001E221A /* Assets.xcassets */,
				BAEBDE5F2825177E001E221A /* LaunchScreen.storyboard */,
				BAEBDE622825177E001E221A /* Info.plist */,
			);
			path = Count;
			sourceTree = "<group>";
		};
		BAEBDE6A2825177F001E221A /* CountTests */ = {
			isa = PBXGroup;
			children = (
				BAEBDE6B2825177F001E221A /* CountTests.swift */,
			);
			path = CountTests;
			sourceTree = "<group>";
		};
		BAEBDE742825177F001E221A /* CountUITests */ = {
			isa = PBXGroup;
			children = (
				BAEBDE752825177F001E221A /* CountUITests.swift */,
				BAEBDE772825177F001E221A /* CountUITestsLaunchTests.swift */,
			);
			path = CountUITests;
			sourceTree = "<group>";
		};
/* End PBXGroup section */

/* Begin PBXNativeTarget section */
		BAEBDE502825177E001E221A /* Count */ = {
			isa = PBXNativeTarget;
			buildConfigurationList = BAEBDE7B2825177F001E221A /* Build configuration list for PBXNativeTarget "Count" */;
			buildPhases = (
				BAEBDE4D2825177E001E221A /* Sources */,
				BAEBDE4E2825177E001E221A /* Frameworks */,
				BAEBDE4F2825177E001E221A /* Resources */,
			);
			buildRules = (
			);
			dependencies = (
			);
			name = Count;
			productName = Count;
			productReference = BAEBDE512825177E001E221A /* Count.app */;
			productType = "com.apple.product-type.application";
		};
		BAEBDE662825177F001E221A /* CountTests */ = {
			isa = PBXNativeTarget;
			buildConfigurationList = BAEBDE7E2825177F001E221A /* Build configuration list for PBXNativeTarget "CountTests" */;
			buildPhases = (
				BAEBDE632825177F001E221A /* Sources */,
				BAEBDE642825177F001E221A /* Frameworks */,
				BAEBDE652825177F001E221A /* Resources */,
			);
			buildRules = (
			);
			dependencies = (
				BAEBDE692825177F001E221A /* PBXTargetDependency */,
			);
			name = CountTests;
			productName = CountTests;
			productReference = BAEBDE672825177F001E221A /* CountTests.xctest */;
			productType = "com.apple.product-type.bundle.unit-test";
		};
		BAEBDE702825177F001E221A /* CountUITests */ = {
			isa = PBXNativeTarget;
			buildConfigurationList = BAEBDE812825177F001E221A /* Build configuration list for PBXNativeTarget "CountUITests" */;
			buildPhases = (
				BAEBDE6D2825177F001E221A /* Sources */,
				BAEBDE6E2825177F001E221A /* Frameworks */,
				BAEBDE6F2825177F001E221A /* Resources */,
			);
			buildRules = (
			);
			dependencies = (
				BAEBDE732825177F001E221A /* PBXTargetDependency */,
			);
			name = CountUITests;
			productName = CountUITests;
			productReference = BAEBDE712825177F001E221A /* CountUITests.xctest */;
			productType = "com.apple.product-type.bundle.ui-testing";
		};
/* End PBXNativeTarget section */

/* Begin PBXProject section */
		BAEBDE492825177E001E221A /* Project object */ = {
			isa = PBXProject;
			attributes = {
				BuildIndependentTargetsInParallel = 1;
				LastSwiftUpdateCheck = 1330;
				LastUpgradeCheck = 1330;
				TargetAttributes = {
					BAEBDE502825177E001E221A = {
						CreatedOnToolsVersion = 13.3.1;
					};
					BAEBDE662825177F001E221A = {
						CreatedOnToolsVersion = 13.3.1;
						TestTargetID = BAEBDE502825177E001E221A;
					};
					BAEBDE702825177F001E221A = {
						CreatedOnToolsVersion = 13.3.1;
						TestTargetID = BAEBDE502825177E001E221A;
					};
				};
			};
			buildConfigurationList = BAEBDE4C2825177E001E221A /* Build configuration list for PBXProject "Count" */;
			compatibilityVersion = "Xcode 13.0";
			developmentRegion = en;
			hasScannedForEncodings = 0;
			knownRegions = (
				en,
				Base,
			);
			mainGroup = BAEBDE482825177E001E221A;
			productRefGroup = BAEBDE522825177E001E221A /* Products */;
			projectDirPath = "";
			projectRoot = "";
			targets = (
				BAEBDE502825177E001E221A /* Count */,
				BAEBDE662825177F001E221A /* CountTests */,
				BAEBDE702825177F001E221A /* CountUITests */,
			);
		};
/* End PBXProject section */

/* Begin PBXResourcesBuildPhase section */
		BAEBDE4F2825177E001E221A /* Resources */ = {
			isa = PBXResourcesBuildPhase;
			buildActionMask = 2147483647;
			files = (
				BAEBDE612825177E001E221A /* LaunchScreen.storyboard in Resources */,
				BAEBDE5E2825177E001E221A /* Assets.xcassets in Resources */,
				BAEBDE5C2825177E001E221A /* Main.storyboard in Resources */,
			);
			runOnlyForDeploymentPostprocessing = 0;
		};
		BAEBDE652825177F001E221A /* Resources */ = {
			isa = PBXResourcesBuildPhase;
			buildActionMask = 2147483647;
			files = (
			);
			runOnlyForDeploymentPostprocessing = 0;
		};
		BAEBDE6F2825177F001E221A /* Resources */ = {
			isa = PBXResourcesBuildPhase;
			buildActionMask = 2147483647;
			files = (
			);
			runOnlyForDeploymentPostprocessing = 0;
		};
/* End PBXResourcesBuildPhase section */

/* Begin PBXSourcesBuildPhase section */
		BAEBDE4D2825177E001E221A /* Sources */ = {
			isa = PBXSourcesBuildPhase;
			buildActionMask = 2147483647;
			files = (
				BAEBDE592825177E001E221A /* ViewController.swift in Sources */,
				BAEBDE552825177E001E221A /* AppDelegate.swift in Sources */,
				BAEBDE572825177E001E221A /* SceneDelegate.swift in Sources */,
			);
			runOnlyForDeploymentPostprocessing = 0;
		};
		BAEBDE632825177F001E221A /* Sources */ = {
			isa = PBXSourcesBuildPhase;
			buildActionMask = 2147483647;
			files = (
				BAEBDE6C2825177F001E221A /* CountTests.swift in Sources */,
			);
			runOnlyForDeploymentPostprocessing = 0;
		};
		BAEBDE6D2825177F001E221A /* Sources */ = {
			isa = PBXSourcesBuildPhase;
			buildActionMask = 2147483647;
			files = (
				BAEBDE782825177F001E221A /* CountUITestsLaunchTests.swift in Sources */,
				BAEBDE762825177F001E221A /* CountUITests.swift in Sources */,
			);
			runOnlyForDeploymentPostprocessing = 0;
		};
/* End PBXSourcesBuildPhase section */

/* Begin PBXTargetDependency section */
		BAEBDE692825177F001E221A /* PBXTargetDependency */ = {
			isa = PBXTargetDependency;
			target = BAEBDE502825177E001E221A /* Count */;
			targetProxy = BAEBDE682825177F001E221A /* PBXContainerItemProxy */;
		};
		BAEBDE732825177F001E221A /* PBXTargetDependency */ = {
			isa = PBXTargetDependency;
			target = BAEBDE502825177E001E221A /* Count */;
			targetProxy = BAEBDE722825177F001E221A /* PBXContainerItemProxy */;
		};
/* End PBXTargetDependency section */

/* Begin PBXVariantGroup section */
		BAEBDE5A2825177E001E221A /* Main.storyboard */ = {
			isa = PBXVariantGroup;
			children = (
				BAEBDE5B2825177E001E221A /* Base */,
			);
			name = Main.storyboard;
			sourceTree = "<group>";
		};
		BAEBDE5F2825177E001E221A /* LaunchScreen.storyboard */ = {
			isa = PBXVariantGroup;
			children = (
				BAEBDE602825177E001E221A /* Base */,
			);
			name = LaunchScreen.storyboard;
			sourceTree = "<group>";
		};
/* End PBXVariantGroup section */

/* Begin XCBuildConfiguration section */
		BAEBDE792825177F001E221A /* Debug */ = {
			isa = XCBuildConfiguration;
			buildSettings = {
				ALWAYS_SEARCH_USER_PATHS = NO;
				CLANG_ANALYZER_NONNULL = YES;
				CLANG_ANALYZER_NUMBER_OBJECT_CONVERSION = YES_AGGRESSIVE;
				CLANG_CXX_LANGUAGE_STANDARD = "gnu++17";
				CLANG_ENABLE_MODULES = YES;
				CLANG_ENABLE_OBJC_ARC = YES;
				CLANG_ENABLE_OBJC_WEAK = YES;
				CLANG_WARN_BLOCK_CAPTURE_AUTORELEASING = YES;
				CLANG_WARN_BOOL_CONVERSION = YES;
				CLANG_WARN_COMMA = YES;
				CLANG_WARN_CONSTANT_CONVERSION = YES;
				CLANG_WARN_DEPRECATED_OBJC_IMPLEMENTATIONS = YES;
				CLANG_WARN_DIRECT_OBJC_ISA_USAGE = YES_ERROR;
				CLANG_WARN_DOCUMENTATION_COMMENTS = YES;
				CLANG_WARN_EMPTY_BODY = YES;
				CLANG_WARN_ENUM_CONVERSION = YES;
				CLANG_WARN_INFINITE_RECURSION = YES;
				CLANG_WARN_INT_CONVERSION = YES;
				CLANG_WARN_NON_LITERAL_NULL_CONVERSION = YES;
				CLANG_WARN_OBJC_IMPLICIT_RETAIN_SELF = YES;
				CLANG_WARN_OBJC_LITERAL_CONVERSION = YES;
				CLANG_WARN_OBJC_ROOT_CLASS = YES_ERROR;
				CLANG_WARN_QUOTED_INCLUDE_IN_FRAMEWORK_HEADER = YES;
				CLANG_WARN_RANGE_LOOP_ANALYSIS = YES;
				CLANG_WARN_STRICT_PROTOTYPES = YES;
				CLANG_WARN_SUSPICIOUS_MOVE = YES;
				CLANG_WARN_UNGUARDED_AVAILABILITY = YES_AGGRESSIVE;
				CLANG_WARN_UNREACHABLE_CODE = YES;
				CLANG_WARN__DUPLICATE_METHOD_MATCH = YES;
				COPY_PHASE_STRIP = NO;
				DEBUG_INFORMATION_FORMAT = dwarf;
				ENABLE_STRICT_OBJC_MSGSEND = YES;
				ENABLE_TESTABILITY = YES;
				GCC_C_LANGUAGE_STANDARD = gnu11;
				GCC_DYNAMIC_NO_PIC = NO;
				GCC_NO_COMMON_BLOCKS = YES;
				GCC_OPTIMIZATION_LEVEL = 0;
				GCC_PREPROCESSOR_DEFINITIONS = (
					"DEBUG=1",
					"$(inherited)",
				);
				GCC_WARN_64_TO_32_BIT_CONVERSION = YES;
				GCC_WARN_ABOUT_RETURN_TYPE = YES_ERROR;
				GCC_WARN_UNDECLARED_SELECTOR = YES;
				GCC_WARN_UNINITIALIZED_AUTOS = YES_AGGRESSIVE;
				GCC_WARN_UNUSED_FUNCTION = YES;
				GCC_WARN_UNUSED_VARIABLE = YES;
				IPHONEOS_DEPLOYMENT_TARGET = 15.4;
				MTL_ENABLE_DEBUG_INFO = INCLUDE_SOURCE;
				MTL_FAST_MATH = YES;
				ONLY_ACTIVE_ARCH = YES;
				SDKROOT = iphoneos;
				SWIFT_ACTIVE_COMPILATION_CONDITIONS = DEBUG;
				SWIFT_OPTIMIZATION_LEVEL = "-Onone";
			};
			name = Debug;
		};
		BAEBDE7A2825177F001E221A /* Release */ = {
			isa = XCBuildConfiguration;
			buildSettings = {
				ALWAYS_SEARCH_USER_PATHS = NO;
				CLANG_ANALYZER_NONNULL = YES;
				CLANG_ANALYZER_NUMBER_OBJECT_CONVERSION = YES_AGGRESSIVE;
				CLANG_CXX_LANGUAGE_STANDARD = "gnu++17";
				CLANG_ENABLE_MODULES = YES;
				CLANG_ENABLE_OBJC_ARC = YES;
				CLANG_ENABLE_OBJC_WEAK = YES;
				CLANG_WARN_BLOCK_CAPTURE_AUTORELEASING = YES;
				CLANG_WARN_BOOL_CONVERSION = YES;
				CLANG_WARN_COMMA = YES;
				CLANG_WARN_CONSTANT_CONVERSION = YES;
				CLANG_WARN_DEPRECATED_OBJC_IMPLEMENTATIONS = YES;
				CLANG_WARN_DIRECT_OBJC_ISA_USAGE = YES_ERROR;
				CLANG_WARN_DOCUMENTATION_COMMENTS = YES;
				CLANG_WARN_EMPTY_BODY = YES;
				CLANG_WARN_ENUM_CONVERSION = YES;
				CLANG_WARN_INFINITE_RECURSION = YES;
				CLANG_WARN_INT_CONVERSION = YES;
				CLANG_WARN_NON_LITERAL_NULL_CONVERSION = YES;
				CLANG_WARN_OBJC_IMPLICIT_RETAIN_SELF = YES;
				CLANG_WARN_OBJC_LITERAL_CONVERSION = YES;
				CLANG_WARN_OBJC_ROOT_CLASS = YES_ERROR;
				CLANG_WARN_QUOTED_INCLUDE_IN_FRAMEWORK_HEADER = YES;
				CLANG_WARN_RANGE_LOOP_ANALYSIS = YES;
				CLANG_WARN_STRICT_PROTOTYPES = YES;
				CLANG_WARN_SUSPICIOUS_MOVE = YES;
				CLANG_WARN_UNGUARDED_AVAILABILITY = YES_AGGRESSIVE;
				CLANG_WARN_UNREACHABLE_CODE = YES;
				CLANG_WARN__DUPLICATE_METHOD_MATCH = YES;
				COPY_PHASE_STRIP = NO;
				DEBUG_INFORMATION_FORMAT = "dwarf-with-dsym";
				ENABLE_NS_ASSERTIONS = NO;
				ENABLE_STRICT_OBJC_MSGSEND = YES;
				GCC_C_LANGUAGE_STANDARD = gnu11;
				GCC_NO_COMMON_BLOCKS = YES;
				GCC_WARN_64_TO_32_BIT_CONVERSION = YES;
				GCC_WARN_ABOUT_RETURN_TYPE = YES_ERROR;
				GCC_WARN_UNDECLARED_SELECTOR = YES;
				GCC_WARN_UNINITIALIZED_AUTOS = YES_AGGRESSIVE;
				GCC_WARN_UNUSED_FUNCTION = YES;
				GCC_WARN_UNUSED_VARIABLE = YES;
				IPHONEOS_DEPLOYMENT_TARGET = 15.4;
				MTL_ENABLE_DEBUG_INFO = NO;
				MTL_FAST_MATH = YES;
				SDKROOT = iphoneos;
				SWIFT_COMPILATION_MODE = wholemodule;
				SWIFT_OPTIMIZATION_LEVEL = "-O";
				VALIDATE_PRODUCT = YES;
			};
			name = Release;
		};
		BAEBDE7C2825177F001E221A /* Debug */ = {
			isa = XCBuildConfiguration;
			buildSettings = {
				ASSETCATALOG_COMPILER_APPICON_NAME = AppIcon;
				ASSETCATALOG_COMPILER_GLOBAL_ACCENT_COLOR_NAME = AccentColor;
				CODE_SIGN_STYLE = Automatic;
				CURRENT_PROJECT_VERSION = 1;
				DEVELOPMENT_TEAM = 7947K7LHD3;
				GENERATE_INFOPLIST_FILE = YES;
				INFOPLIST_FILE = Count/Info.plist;
				INFOPLIST_KEY_UIApplicationSupportsIndirectInputEvents = YES;
				INFOPLIST_KEY_UILaunchStoryboardName = LaunchScreen;
				INFOPLIST_KEY_UIMainStoryboardFile = Main;
				INFOPLIST_KEY_UISupportedInterfaceOrientations_iPad = "UIInterfaceOrientationPortrait UIInterfaceOrientationPortraitUpsideDown UIInterfaceOrientationLandscapeLeft UIInterfaceOrientationLandscapeRight";
				INFOPLIST_KEY_UISupportedInterfaceOrientations_iPhone = "UIInterfaceOrientationPortrait UIInterfaceOrientationLandscapeLeft UIInterfaceOrientationLandscapeRight";
				LD_RUNPATH_SEARCH_PATHS = (
					"$(inherited)",
					"@executable_path/Frameworks",
				);
				MARKETING_VERSION = 1.0;
				PRODUCT_BUNDLE_IDENTIFIER = com.mmng.Count;
				PRODUCT_NAME = "$(TARGET_NAME)";
				SWIFT_EMIT_LOC_STRINGS = YES;
				SWIFT_VERSION = 5.0;
				TARGETED_DEVICE_FAMILY = "1,2";
			};
			name = Debug;
		};
		BAEBDE7D2825177F001E221A /* Release */ = {
			isa = XCBuildConfiguration;
			buildSettings = {
				ASSETCATALOG_COMPILER_APPICON_NAME = AppIcon;
				ASSETCATALOG_COMPILER_GLOBAL_ACCENT_COLOR_NAME = AccentColor;
				CODE_SIGN_STYLE = Automatic;
				CURRENT_PROJECT_VERSION = 1;
				DEVELOPMENT_TEAM = 7947K7LHD3;
				GENERATE_INFOPLIST_FILE = YES;
				INFOPLIST_FILE = Count/Info.plist;
				INFOPLIST_KEY_UIApplicationSupportsIndirectInputEvents = YES;
				INFOPLIST_KEY_UILaunchStoryboardName = LaunchScreen;
				INFOPLIST_KEY_UIMainStoryboardFile = Main;
				INFOPLIST_KEY_UISupportedInterfaceOrientations_iPad = "UIInterfaceOrientationPortrait UIInterfaceOrientationPortraitUpsideDown UIInterfaceOrientationLandscapeLeft UIInterfaceOrientationLandscapeRight";
				INFOPLIST_KEY_UISupportedInterfaceOrientations_iPhone = "UIInterfaceOrientationPortrait UIInterfaceOrientationLandscapeLeft UIInterfaceOrientationLandscapeRight";
				LD_RUNPATH_SEARCH_PATHS = (
					"$(inherited)",
					"@executable_path/Frameworks",
				);
				MARKETING_VERSION = 1.0;
				PRODUCT_BUNDLE_IDENTIFIER = com.mmng.Count;
				PRODUCT_NAME = "$(TARGET_NAME)";
				SWIFT_EMIT_LOC_STRINGS = YES;
				SWIFT_VERSION = 5.0;
				TARGETED_DEVICE_FAMILY = "1,2";
			};
			name = Release;
		};
		BAEBDE7F2825177F001E221A /* Debug */ = {
			isa = XCBuildConfiguration;
			buildSettings = {
				ALWAYS_EMBED_SWIFT_STANDARD_LIBRARIES = YES;
				BUNDLE_LOADER = "$(TEST_HOST)";
				CODE_SIGN_STYLE = Automatic;
				CURRENT_PROJECT_VERSION = 1;
				DEVELOPMENT_TEAM = 7947K7LHD3;
				GENERATE_INFOPLIST_FILE = YES;
				IPHONEOS_DEPLOYMENT_TARGET = 15.4;
				MARKETING_VERSION = 1.0;
				PRODUCT_BUNDLE_IDENTIFIER = com.mmng.CountTests;
				PRODUCT_NAME = "$(TARGET_NAME)";
				SWIFT_EMIT_LOC_STRINGS = NO;
				SWIFT_VERSION = 5.0;
				TARGETED_DEVICE_FAMILY = "1,2";
				TEST_HOST = "$(BUILT_PRODUCTS_DIR)/Count.app/Count";
			};
			name = Debug;
		};
		BAEBDE802825177F001E221A /* Release */ = {
			isa = XCBuildConfiguration;
			buildSettings = {
				ALWAYS_EMBED_SWIFT_STANDARD_LIBRARIES = YES;
				BUNDLE_LOADER = "$(TEST_HOST)";
				CODE_SIGN_STYLE = Automatic;
				CURRENT_PROJECT_VERSION = 1;
				DEVELOPMENT_TEAM = 7947K7LHD3;
				GENERATE_INFOPLIST_FILE = YES;
				IPHONEOS_DEPLOYMENT_TARGET = 15.4;
				MARKETING_VERSION = 1.0;
				PRODUCT_BUNDLE_IDENTIFIER = com.mmng.CountTests;
				PRODUCT_NAME = "$(TARGET_NAME)";
				SWIFT_EMIT_LOC_STRINGS = NO;
				SWIFT_VERSION = 5.0;
				TARGETED_DEVICE_FAMILY = "1,2";
				TEST_HOST = "$(BUILT_PRODUCTS_DIR)/Count.app/Count";
			};
			name = Release;
		};
		BAEBDE822825177F001E221A /* Debug */ = {
			isa = XCBuildConfiguration;
			buildSettings = {
				ALWAYS_EMBED_SWIFT_STANDARD_LIBRARIES = YES;
				CODE_SIGN_STYLE = Automatic;
				CURRENT_PROJECT_VERSION = 1;
				DEVELOPMENT_TEAM = 7947K7LHD3;
				GENERATE_INFOPLIST_FILE = YES;
				MARKETING_VERSION = 1.0;
				PRODUCT_BUNDLE_IDENTIFIER = com.mmng.CountUITests;
				PRODUCT_NAME = "$(TARGET_NAME)";
				SWIFT_EMIT_LOC_STRINGS = NO;
				SWIFT_VERSION = 5.0;
				TARGETED_DEVICE_FAMILY = "1,2";
				TEST_TARGET_NAME = Count;
			};
			name = Debug;
		};
		BAEBDE832825177F001E221A /* Release */ = {
			isa = XCBuildConfiguration;
			buildSettings = {
				ALWAYS_EMBED_SWIFT_STANDARD_LIBRARIES = YES;
				CODE_SIGN_STYLE = Automatic;
				CURRENT_PROJECT_VERSION = 1;
				DEVELOPMENT_TEAM = 7947K7LHD3;
				GENERATE_INFOPLIST_FILE = YES;
				MARKETING_VERSION = 1.0;
				PRODUCT_BUNDLE_IDENTIFIER = com.mmng.CountUITests;
				PRODUCT_NAME = "$(TARGET_NAME)";
				SWIFT_EMIT_LOC_STRINGS = NO;
				SWIFT_VERSION = 5.0;
				TARGETED_DEVICE_FAMILY = "1,2";
				TEST_TARGET_NAME = Count;
			};
			name = Release;
		};
/* End XCBuildConfiguration section */

/* Begin XCConfigurationList section */
		BAEBDE4C2825177E001E221A /* Build configuration list for PBXProject "Count" */ = {
			isa = XCConfigurationList;
			buildConfigurations = (
				BAEBDE792825177F001E221A /* Debug */,
				BAEBDE7A2825177F001E221A /* Release */,
			);
			defaultConfigurationIsVisible = 0;
			defaultConfigurationName = Release;
		};
		BAEBDE7B2825177F001E221A /* Build configuration list for PBXNativeTarget "Count" */ = {
			isa = XCConfigurationList;
			buildConfigurations = (
				BAEBDE7C2825177F001E221A /* Debug */,
				BAEBDE7D2825177F001E221A /* Release */,
			);
			defaultConfigurationIsVisible = 0;
			defaultConfigurationName = Release;
		};
		BAEBDE7E2825177F001E221A /* Build configuration list for PBXNativeTarget "CountTests" */ = {
			isa = XCConfigurationList;
			buildConfigurations = (
				BAEBDE7F2825177F001E221A /* Debug */,
				BAEBDE802825177F001E221A /* Release */,
			);
			defaultConfigurationIsVisible = 0;
			defaultConfigurationName = Release;
		};
		BAEBDE812825177F001E221A /* Build configuration list for PBXNativeTarget "CountUITests" */ = {
			isa = XCConfigurationList;
			buildConfigurations = (
				BAEBDE822825177F001E221A /* Debug */,
				BAEBDE832825177F001E221A /* Release */,
			);
			defaultConfigurationIsVisible = 0;
			defaultConfigurationName = Release;
		};
/* End XCConfigurationList section */
	};
	rootObject = BAEBDE492825177E001E221A /* Project object */;
}
